
Microsoft Visual Studio Solution File, Format Version 12.00
# Visual Studio Version 17
VisualStudioVersion = 17.5.002.0
MinimumVisualStudioVersion = 10.0.40219.1
Project("{9A19103F-16F7-4668-BE54-9A1E7A4F7556}") = "LCSaveEditor", "LCSaveEditor.csproj", "{7031D1A9-49E4-430D-A01E-850612BEAA2B}"
EndProject
Global
	GlobalSection(SolutionConfigurationPlatforms) = preSolution
		Debug|Any CPU = Debug|Any CPU
		Release|Any CPU = Release|Any CPU
	EndGlobalSection
	GlobalSection(ProjectConfigurationPlatforms) = postSolution
		{7031D1A9-49E4-430D-A01E-850612BEAA2B}.Debug|Any CPU.ActiveCfg = Debug|Any CPU
		{7031D1A9-49E4-430D-A01E-850612BEAA2B}.Debug|Any CPU.Build.0 = Debug|Any CPU
		{7031D1A9-49E4-430D-A01E-850612BEAA2B}.Release|Any CPU.ActiveCfg = Release|Any CPU
		{7031D1A9-49E4-430D-A01E-850612BEAA2B}.Release|Any CPU.Build.0 = Release|Any CPU
	EndGlobalSection
	GlobalSection(SolutionProperties) = preSolution
		HideSolutionNode = FALSE
	EndGlobalSection
	GlobalSection(ExtensibilityGlobals) = postSolution
		SolutionGuid = {F6A3603D-617D-4476-83CE-CD5824078B93}
	EndGlobalSection
EndGlobal
